
Microsoft Visual Studio Solution File, Format Version 12.00
# Visual Studio Version 17
VisualStudioVersion = 17.0.31825.309
MinimumVisualStudioVersion = 10.0.40219.1
Project("{2150E333-8FDC-42A3-9474-1A3956D46DE8}") = "NewFolder1", "NewFolder1", "{F66592D2-953B-430E-8A65-775589A398EE}"
EndProject
Project("{778DAE3C-4631-46EA-AA77-85C1314464D9}") = "VB6", "VB6\VB6.vbproj", "{B77CEB1B-C2DD-4065-806B-1F5253EEE4EA}"
EndProject
Project("{F184B08F-C81C-45F6-A57F-5ABD9991F28F}") = "VB4", "VB4\VB4.vbproj", "{2944F5C9-8806-4E52-B3BB-2849014CA43F}"
EndProject
Project("{7CF6DF6D-3B04-46F8-A40B-537D21BCA0B4}") = "Documentation1", "Documentation1\Documentation1.shfbproj", "{1ECAC097-80A6-423E-B1E3-62B1ADB3AF03}"
EndProject
Project("{2150E333-8FDC-42A3-9474-1A3956D46DE8}") = "SubFolder", "SubFolder", "{C0B9C98C-C539-4D96-B682-4F521C9B7EAD}"
EndProject
Project("{9A19103F-16F7-4668-BE54-9A1E7A4F7556}") = "CS6", "CS6\CS6.csproj", "{C73058BC-2BEC-439C-8FF9-2318DDE862B8}"
EndProject
Project("{FAE04EC0-301F-11D3-BF4B-00C04F79EFBC}") = "CS4", "CS4\CS4.csproj", "{77574335-B5C5-479E-AB34-719F95B55E02}"
EndProject
Project("{8BC9CEB8-8B4A-11D0-8D11-00A0C91BC942}") = "CPP", "CPP\CPP.vcxproj", "{E09024DE-922B-4DB4-AA40-DE0E07084866}"
EndProject
Project("{6EC3EE1D-3C4E-46DD-8F32-0CC8E7565705}") = "FS", "FS\FS.fsproj", "{837C83BC-9B92-4361-AE38-85476818C69B}"
EndProject
Project("{9A19103F-16F7-4668-BE54-9A1E7A4F7556}") = "TestProject6", "TestProject6\TestProject6.csproj", "{269B1DE8-5465-4B7D-A00C-3C740DFDB239}"
EndProject
Project("{FAE04EC0-301F-11D3-BF4B-00C04F79EFBC}") = "UnitTestProject4", "UnitTestProject4\UnitTestProject4.csproj", "{EF1911BA-6FBB-4907-B248-3252C9D7A622}"
EndProject
Project("{54435603-DBB4-11D2-8724-00A0C9A8B90C}") = "Setup", "Setup\Setup.vdproj", "{40D1FD30-2D5B-4AD1-B66F-F39F7655CAFB}"
EndProject
Project("{D954291E-2A0B-460D-934E-DC6B0785DB48}") = "SharedCS", "SharedCS\SharedCS.shproj", "{04930916-2A14-4ECC-B99B-ED3DAF7BD20B}"
EndProject
Project("{D954291E-2A0B-460D-934E-DC6B0785DB48}") = "SharedVB", "SharedVB\SharedVB.shproj", "{414C6CBF-F3FF-4051-9A8C-13E1B1D34FDB}"
EndProject
Project("{8BC9CEB8-8B4A-11D0-8D11-00A0C91BC942}") = "ProjectItems", "ProjectItems\ProjectItems.vcxitems", "{A4563804-D773-4271-BB67-7A94CD59CD82}"
EndProject
Global
	GlobalSection(SharedMSBuildProjectFiles) = preSolution
		SharedCS\SharedCS.projitems*{04930916-2a14-4ecc-b99b-ed3daf7bd20b}*SharedItemsImports = 13
		SharedVB\SharedVB.projitems*{414c6cbf-f3ff-4051-9a8c-13e1b1d34fdb}*SharedItemsImports = 13
		ProjectItems\ProjectItems.vcxitems*{a4563804-d773-4271-bb67-7a94cd59cd82}*SharedItemsImports = 9
	EndGlobalSection
	GlobalSection(SolutionConfigurationPlatforms) = preSolution
		Debug|Any CPU = Debug|Any CPU
		Debug|x64 = Debug|x64
		Debug|x86 = Debug|x86
		Release|Any CPU = Release|Any CPU
		Release|x64 = Release|x64
		Release|x86 = Release|x86
	EndGlobalSection
	GlobalSection(ProjectConfigurationPlatforms) = postSolution
		{B77CEB1B-C2DD-4065-806B-1F5253EEE4EA}.Debug|Any CPU.ActiveCfg = Debug|Any CPU
		{B77CEB1B-C2DD-4065-806B-1F5253EEE4EA}.Debug|Any CPU.Build.0 = Debug|Any CPU
		{B77CEB1B-C2DD-4065-806B-1F5253EEE4EA}.Debug|x64.ActiveCfg = Debug|Any CPU
		{B77CEB1B-C2DD-4065-806B-1F5253EEE4EA}.Debug|x64.Build.0 = Debug|Any CPU
		{B77CEB1B-C2DD-4065-806B-1F5253EEE4EA}.Debug|x86.ActiveCfg = Debug|Any CPU
		{B77CEB1B-C2DD-4065-806B-1F5253EEE4EA}.Debug|x86.Build.0 = Debug|Any CPU
		{B77CEB1B-C2DD-4065-806B-1F5253EEE4EA}.Release|Any CPU.ActiveCfg = Release|Any CPU
		{B77CEB1B-C2DD-4065-806B-1F5253EEE4EA}.Release|Any CPU.Build.0 = Release|Any CPU
		{B77CEB1B-C2DD-4065-806B-1F5253EEE4EA}.Release|x64.ActiveCfg = Release|Any CPU
		{B77CEB1B-C2DD-4065-806B-1F5253EEE4EA}.Release|x64.Build.0 = Release|Any CPU
		{B77CEB1B-C2DD-4065-806B-1F5253EEE4EA}.Release|x86.ActiveCfg = Release|Any CPU
		{B77CEB1B-C2DD-4065-806B-1F5253EEE4EA}.Release|x86.Build.0 = Release|Any CPU
		{2944F5C9-8806-4E52-B3BB-2849014CA43F}.Debug|Any CPU.ActiveCfg = Debug|Any CPU
		{2944F5C9-8806-4E52-B3BB-2849014CA43F}.Debug|Any CPU.Build.0 = Debug|Any CPU
		{2944F5C9-8806-4E52-B3BB-2849014CA43F}.Debug|x64.ActiveCfg = Debug|Any CPU
		{2944F5C9-8806-4E52-B3BB-2849014CA43F}.Debug|x64.Build.0 = Debug|Any CPU
		{2944F5C9-8806-4E52-B3BB-2849014CA43F}.Debug|x86.ActiveCfg = Debug|Any CPU
		{2944F5C9-8806-4E52-B3BB-2849014CA43F}.Debug|x86.Build.0 = Debug|Any CPU
		{2944F5C9-8806-4E52-B3BB-2849014CA43F}.Release|Any CPU.ActiveCfg = Release|Any CPU
		{2944F5C9-8806-4E52-B3BB-2849014CA43F}.Release|Any CPU.Build.0 = Release|Any CPU
		{2944F5C9-8806-4E52-B3BB-2849014CA43F}.Release|x64.ActiveCfg = Release|Any CPU
		{2944F5C9-8806-4E52-B3BB-2849014CA43F}.Release|x64.Build.0 = Release|Any CPU
		{2944F5C9-8806-4E52-B3BB-2849014CA43F}.Release|x86.ActiveCfg = Release|Any CPU
		{2944F5C9-8806-4E52-B3BB-2849014CA43F}.Release|x86.Build.0 = Release|Any CPU
		{1ECAC097-80A6-423E-B1E3-62B1ADB3AF03}.Debug|Any CPU.ActiveCfg = Debug|Any CPU
		{1ECAC097-80A6-423E-B1E3-62B1ADB3AF03}.Debug|Any CPU.Build.0 = Debug|Any CPU
		{1ECAC097-80A6-423E-B1E3-62B1ADB3AF03}.Debug|x64.ActiveCfg = Debug|Any CPU
		{1ECAC097-80A6-423E-B1E3-62B1ADB3AF03}.Debug|x64.Build.0 = Debug|Any CPU
		{1ECAC097-80A6-423E-B1E3-62B1ADB3AF03}.Debug|x86.ActiveCfg = Debug|Any CPU
		{1ECAC097-80A6-423E-B1E3-62B1ADB3AF03}.Debug|x86.Build.0 = Debug|Any CPU
		{1ECAC097-80A6-423E-B1E3-62B1ADB3AF03}.Release|Any CPU.ActiveCfg = Release|Any CPU
		{1ECAC097-80A6-423E-B1E3-62B1ADB3AF03}.Release|Any CPU.Build.0 = Release|Any CPU
		{1ECAC097-80A6-423E-B1E3-62B1ADB3AF03}.Release|x64.ActiveCfg = Release|Any CPU
		{1ECAC097-80A6-423E-B1E3-62B1ADB3AF03}.Release|x64.Build.0 = Release|Any CPU
		{1ECAC097-80A6-423E-B1E3-62B1ADB3AF03}.Release|x86.ActiveCfg = Release|Any CPU
		{1ECAC097-80A6-423E-B1E3-62B1ADB3AF03}.Release|x86.Build.0 = Release|Any CPU
		{C73058BC-2BEC-439C-8FF9-2318DDE862B8}.Debug|Any CPU.ActiveCfg = Debug|Any CPU
		{C73058BC-2BEC-439C-8FF9-2318DDE862B8}.Debug|Any CPU.Build.0 = Debug|Any CPU
		{C73058BC-2BEC-439C-8FF9-2318DDE862B8}.Debug|x64.ActiveCfg = Debug|Any CPU
		{C73058BC-2BEC-439C-8FF9-2318DDE862B8}.Debug|x64.Build.0 = Debug|Any CPU
		{C73058BC-2BEC-439C-8FF9-2318DDE862B8}.Debug|x86.ActiveCfg = Debug|Any CPU
		{C73058BC-2BEC-439C-8FF9-2318DDE862B8}.Debug|x86.Build.0 = Debug|Any CPU
		{C73058BC-2BEC-439C-8FF9-2318DDE862B8}.Release|Any CPU.ActiveCfg = Release|Any CPU
		{C73058BC-2BEC-439C-8FF9-2318DDE862B8}.Release|Any CPU.Build.0 = Release|Any CPU
		{C73058BC-2BEC-439C-8FF9-2318DDE862B8}.Release|x64.ActiveCfg = Release|Any CPU
		{C73058BC-2BEC-439C-8FF9-2318DDE862B8}.Release|x64.Build.0 = Release|Any CPU
		{C73058BC-2BEC-439C-8FF9-2318DDE862B8}.Release|x86.ActiveCfg = Release|Any CPU
		{C73058BC-2BEC-439C-8FF9-2318DDE862B8}.Release|x86.Build.0 = Release|Any CPU
		{77574335-B5C5-479E-AB34-719F95B55E02}.Debug|Any CPU.ActiveCfg = Debug|Any CPU
		{77574335-B5C5-479E-AB34-719F95B55E02}.Debug|Any CPU.Build.0 = Debug|Any CPU
		{77574335-B5C5-479E-AB34-719F95B55E02}.Debug|x64.ActiveCfg = Debug|Any CPU
		{77574335-B5C5-479E-AB34-719F95B55E02}.Debug|x64.Build.0 = Debug|Any CPU
		{77574335-B5C5-479E-AB34-719F95B55E02}.Debug|x86.ActiveCfg = Debug|Any CPU
		{77574335-B5C5-479E-AB34-719F95B55E02}.Debug|x86.Build.0 = Debug|Any CPU
		{77574335-B5C5-479E-AB34-719F95B55E02}.Release|Any CPU.ActiveCfg = Release|Any CPU
		{77574335-B5C5-479E-AB34-719F95B55E02}.Release|Any CPU.Build.0 = Release|Any CPU
		{77574335-B5C5-479E-AB34-719F95B55E02}.Release|x64.ActiveCfg = Release|Any CPU
		{77574335-B5C5-479E-AB34-719F95B55E02}.Release|x64.Build.0 = Release|Any CPU
		{77574335-B5C5-479E-AB34-719F95B55E02}.Release|x86.ActiveCfg = Release|Any CPU
		{77574335-B5C5-479E-AB34-719F95B55E02}.Release|x86.Build.0 = Release|Any CPU
		{E09024DE-922B-4DB4-AA40-DE0E07084866}.Debug|Any CPU.ActiveCfg = Debug|x64
		{E09024DE-922B-4DB4-AA40-DE0E07084866}.Debug|Any CPU.Build.0 = Debug|x64
		{E09024DE-922B-4DB4-AA40-DE0E07084866}.Debug|x64.ActiveCfg = Debug|x64
		{E09024DE-922B-4DB4-AA40-DE0E07084866}.Debug|x64.Build.0 = Debug|x64
		{E09024DE-922B-4DB4-AA40-DE0E07084866}.Debug|x86.ActiveCfg = Debug|Win32
		{E09024DE-922B-4DB4-AA40-DE0E07084866}.Debug|x86.Build.0 = Debug|Win32
		{E09024DE-922B-4DB4-AA40-DE0E07084866}.Release|Any CPU.ActiveCfg = Release|x64
		{E09024DE-922B-4DB4-AA40-DE0E07084866}.Release|Any CPU.Build.0 = Release|x64
		{E09024DE-922B-4DB4-AA40-DE0E07084866}.Release|x64.ActiveCfg = Release|x64
		{E09024DE-922B-4DB4-AA40-DE0E07084866}.Release|x64.Build.0 = Release|x64
		{E09024DE-922B-4DB4-AA40-DE0E07084866}.Release|x86.ActiveCfg = Release|Win32
		{E09024DE-922B-4DB4-AA40-DE0E07084866}.Release|x86.Build.0 = Release|Win32
		{837C83BC-9B92-4361-AE38-85476818C69B}.Debug|Any CPU.ActiveCfg = Debug|Any CPU
		{837C83BC-9B92-4361-AE38-85476818C69B}.Debug|Any CPU.Build.0 = Debug|Any CPU
		{837C83BC-9B92-4361-AE38-85476818C69B}.Debug|x64.ActiveCfg = Debug|Any CPU
		{837C83BC-9B92-4361-AE38-85476818C69B}.Debug|x64.Build.0 = Debug|Any CPU
		{837C83BC-9B92-4361-AE38-85476818C69B}.Debug|x86.ActiveCfg = Debug|Any CPU
		{837C83BC-9B92-4361-AE38-85476818C69B}.Debug|x86.Build.0 = Debug|Any CPU
		{837C83BC-9B92-4361-AE38-85476818C69B}.Release|Any CPU.ActiveCfg = Release|Any CPU
		{837C83BC-9B92-4361-AE38-85476818C69B}.Release|Any CPU.Build.0 = Release|Any CPU
		{837C83BC-9B92-4361-AE38-85476818C69B}.Release|x64.ActiveCfg = Release|Any CPU
		{837C83BC-9B92-4361-AE38-85476818C69B}.Release|x64.Build.0 = Release|Any CPU
		{837C83BC-9B92-4361-AE38-85476818C69B}.Release|x86.ActiveCfg = Release|Any CPU
		{837C83BC-9B92-4361-AE38-85476818C69B}.Release|x86.Build.0 = Release|Any CPU
		{269B1DE8-5465-4B7D-A00C-3C740DFDB239}.Debug|Any CPU.ActiveCfg = Debug|Any CPU
		{269B1DE8-5465-4B7D-A00C-3C740DFDB239}.Debug|Any CPU.Build.0 = Debug|Any CPU
		{269B1DE8-5465-4B7D-A00C-3C740DFDB239}.Debug|x64.ActiveCfg = Debug|Any CPU
		{269B1DE8-5465-4B7D-A00C-3C740DFDB239}.Debug|x64.Build.0 = Debug|Any CPU
		{269B1DE8-5465-4B7D-A00C-3C740DFDB239}.Debug|x86.ActiveCfg = Debug|Any CPU
		{269B1DE8-5465-4B7D-A00C-3C740DFDB239}.Debug|x86.Build.0 = Debug|Any CPU
		{269B1DE8-5465-4B7D-A00C-3C740DFDB239}.Release|Any CPU.ActiveCfg = Release|Any CPU
		{269B1DE8-5465-4B7D-A00C-3C740DFDB239}.Release|Any CPU.Build.0 = Release|Any CPU
		{269B1DE8-5465-4B7D-A00C-3C740DFDB239}.Release|x64.ActiveCfg = Release|Any CPU
		{269B1DE8-5465-4B7D-A00C-3C740DFDB239}.Release|x64.Build.0 = Release|Any CPU
		{269B1DE8-5465-4B7D-A00C-3C740DFDB239}.Release|x86.ActiveCfg = Release|Any CPU
		{269B1DE8-5465-4B7D-A00C-3C740DFDB239}.Release|x86.Build.0 = Release|Any CPU
		{EF1911BA-6FBB-4907-B248-3252C9D7A622}.Debug|Any CPU.ActiveCfg = Debug|Any CPU
		{EF1911BA-6FBB-4907-B248-3252C9D7A622}.Debug|Any CPU.Build.0 = Debug|Any CPU
		{EF1911BA-6FBB-4907-B248-3252C9D7A622}.Debug|x64.ActiveCfg = Debug|Any CPU
		{EF1911BA-6FBB-4907-B248-3252C9D7A622}.Debug|x64.Build.0 = Debug|Any CPU
		{EF1911BA-6FBB-4907-B248-3252C9D7A622}.Debug|x86.ActiveCfg = Debug|Any CPU
		{EF1911BA-6FBB-4907-B248-3252C9D7A622}.Debug|x86.Build.0 = Debug|Any CPU
		{EF1911BA-6FBB-4907-B248-3252C9D7A622}.Release|Any CPU.ActiveCfg = Release|Any CPU
		{EF1911BA-6FBB-4907-B248-3252C9D7A622}.Release|Any CPU.Build.0 = Release|Any CPU
		{EF1911BA-6FBB-4907-B248-3252C9D7A622}.Release|x64.ActiveCfg = Release|Any CPU
		{EF1911BA-6FBB-4907-B248-3252C9D7A622}.Release|x64.Build.0 = Release|Any CPU
		{EF1911BA-6FBB-4907-B248-3252C9D7A622}.Release|x86.ActiveCfg = Release|Any CPU
		{EF1911BA-6FBB-4907-B248-3252C9D7A622}.Release|x86.Build.0 = Release|Any CPU
		{40D1FD30-2D5B-4AD1-B66F-F39F7655CAFB}.Debug|Any CPU.ActiveCfg = Debug
		{40D1FD30-2D5B-4AD1-B66F-F39F7655CAFB}.Debug|x64.ActiveCfg = Debug
		{40D1FD30-2D5B-4AD1-B66F-F39F7655CAFB}.Debug|x86.ActiveCfg = Debug
		{40D1FD30-2D5B-4AD1-B66F-F39F7655CAFB}.Release|Any CPU.ActiveCfg = Release
		{40D1FD30-2D5B-4AD1-B66F-F39F7655CAFB}.Release|x64.ActiveCfg = Release
		{40D1FD30-2D5B-4AD1-B66F-F39F7655CAFB}.Release|x86.ActiveCfg = Release
	EndGlobalSection
	GlobalSection(SolutionProperties) = preSolution
		HideSolutionNode = FALSE
	EndGlobalSection
	GlobalSection(NestedProjects) = preSolution
		{C0B9C98C-C539-4D96-B682-4F521C9B7EAD} = {F66592D2-953B-430E-8A65-775589A398EE}
	EndGlobalSection
	GlobalSection(ExtensibilityGlobals) = postSolution
		SolutionGuid = {12001DB4-2BF9-469E-A4DE-BAC6DB082635}
	EndGlobalSection
EndGlobal
